
Microsoft Visual Studio Solution File, Format Version 12.00
# Visual Studio Version 17
VisualStudioVersion = 17.14.36327.8 d17.14
MinimumVisualStudioVersion = 10.0.40219.1
Project("{2150E333-8FDC-42A3-9474-1A3956D46DE8}") = "1.Entidades", "1.Entidades", "{02EA681E-C7D8-13C7-8484-4AC65E1B71E8}"
EndProject
Project("{2150E333-8FDC-42A3-9474-1A3956D46DE8}") = "2.Datos", "2.Datos", "{F8404444-86C4-4B85-BF3E-52A00369A8C1}"
EndProject
Project("{2150E333-8FDC-42A3-9474-1A3956D46DE8}") = "3.Logica", "3.Logica", "{5FE1DCA3-EEDF-4233-9132-F22E39677721}"
EndProject
Project("{2150E333-8FDC-42A3-9474-1A3956D46DE8}") = "4.Interfaz", "4.Interfaz", "{935A53F9-5D45-4746-9B3C-8804A313E0DC}"
EndProject
Project("{FAE04EC0-301F-11D3-BF4B-00C04F79EFBC}") = "Entidades", "Entidades\Entidades.csproj", "{79CEA3A6-91EB-41BE-A1AC-F9B2636F7D6C}"
EndProject
Project("{FAE04EC0-301F-11D3-BF4B-00C04F79EFBC}") = "Datos", "Datos\Datos.csproj", "{D8199F41-00B5-401A-825E-4586E1B4C773}"
EndProject
Project("{FAE04EC0-301F-11D3-BF4B-00C04F79EFBC}") = "Logica", "Logica\Logica.csproj", "{A696982E-68CB-4F3F-9DDA-1E45DFE9F66F}"
EndProject
Project("{FAE04EC0-301F-11D3-BF4B-00C04F79EFBC}") = "Web", "Web\Web.csproj", "{F0AAA0EE-9756-459A-8B96-9677BFD10D50}"
EndProject
Global
	GlobalSection(SolutionConfigurationPlatforms) = preSolution
		Debug|Any CPU = Debug|Any CPU
		Release|Any CPU = Release|Any CPU
	EndGlobalSection
	GlobalSection(ProjectConfigurationPlatforms) = postSolution
		{79CEA3A6-91EB-41BE-A1AC-F9B2636F7D6C}.Debug|Any CPU.ActiveCfg = Debug|Any CPU
		{79CEA3A6-91EB-41BE-A1AC-F9B2636F7D6C}.Debug|Any CPU.Build.0 = Debug|Any CPU
		{79CEA3A6-91EB-41BE-A1AC-F9B2636F7D6C}.Release|Any CPU.ActiveCfg = Release|Any CPU
		{79CEA3A6-91EB-41BE-A1AC-F9B2636F7D6C}.Release|Any CPU.Build.0 = Release|Any CPU
		{D8199F41-00B5-401A-825E-4586E1B4C773}.Debug|Any CPU.ActiveCfg = Debug|Any CPU
		{D8199F41-00B5-401A-825E-4586E1B4C773}.Debug|Any CPU.Build.0 = Debug|Any CPU
		{D8199F41-00B5-401A-825E-4586E1B4C773}.Release|Any CPU.ActiveCfg = Release|Any CPU
		{D8199F41-00B5-401A-825E-4586E1B4C773}.Release|Any CPU.Build.0 = Release|Any CPU
		{A696982E-68CB-4F3F-9DDA-1E45DFE9F66F}.Debug|Any CPU.ActiveCfg = Debug|Any CPU
		{A696982E-68CB-4F3F-9DDA-1E45DFE9F66F}.Debug|Any CPU.Build.0 = Debug|Any CPU
		{A696982E-68CB-4F3F-9DDA-1E45DFE9F66F}.Release|Any CPU.ActiveCfg = Release|Any CPU
		{A696982E-68CB-4F3F-9DDA-1E45DFE9F66F}.Release|Any CPU.Build.0 = Release|Any CPU
		{F0AAA0EE-9756-459A-8B96-9677BFD10D50}.Debug|Any CPU.ActiveCfg = Debug|Any CPU
		{F0AAA0EE-9756-459A-8B96-9677BFD10D50}.Debug|Any CPU.Build.0 = Debug|Any CPU
		{F0AAA0EE-9756-459A-8B96-9677BFD10D50}.Release|Any CPU.ActiveCfg = Release|Any CPU
		{F0AAA0EE-9756-459A-8B96-9677BFD10D50}.Release|Any CPU.Build.0 = Release|Any CPU
	EndGlobalSection
	GlobalSection(SolutionProperties) = preSolution
		HideSolutionNode = FALSE
	EndGlobalSection
	GlobalSection(NestedProjects) = preSolution
		{79CEA3A6-91EB-41BE-A1AC-F9B2636F7D6C} = {02EA681E-C7D8-13C7-8484-4AC65E1B71E8}
		{D8199F41-00B5-401A-825E-4586E1B4C773} = {F8404444-86C4-4B85-BF3E-52A00369A8C1}
		{A696982E-68CB-4F3F-9DDA-1E45DFE9F66F} = {5FE1DCA3-EEDF-4233-9132-F22E39677721}
		{F0AAA0EE-9756-459A-8B96-9677BFD10D50} = {935A53F9-5D45-4746-9B3C-8804A313E0DC}
	EndGlobalSection
	GlobalSection(ExtensibilityGlobals) = postSolution
		SolutionGuid = {BF9723A4-6EA7-452D-8EC9-7957F8A2727D}
	EndGlobalSection
EndGlobal
